# This file is automatically @generated by Cargo.
version = 3

[[package]]
name = "sca-parity-rust"
version = "0.1.0"
dependencies = [
 "openssl",
 "time",
 "smallvec",
 "hyper",
 "tokio",
]

[[package]]
name = "openssl"
version = "0.9.24"
source = "registry+https://github.com/rust-lang/crates.io-index"

[[package]]
name = "time"
version = "0.1.12"
source = "registry+https://github.com/rust-lang/crates.io-index"

[[package]]
name = "smallvec"
version = "0.6.9"
source = "registry+https://github.com/rust-lang/crates.io-index"

[[package]]
name = "hyper"
version = "0.12.0"
source = "registry+https://github.com/rust-lang/crates.io-index"

[[package]]
name = "tokio"
version = "0.1.11"
source = "registry+https://github.com/rust-lang/crates.io-index"
