{
  "version": 1,
  "dependencies": {
    ".NETCoreApp,Version=v6.0": {
      "Newtonsoft.Json": {
        "type": "Direct",
        "requested": "[12.0.1, )",
        "resolved": "12.0.1",
        "contentHash": "placeholder"
      },
      "System.Text.Encodings.Web": {
        "type": "Direct",
        "requested": "[4.5.0, )",
        "resolved": "4.5.0",
        "contentHash": "placeholder"
      },
      "RestSharp": {
        "type": "Direct",
        "requested": "[106.11.4, )",
        "resolved": "106.11.4",
        "contentHash": "placeholder"
      },
      "jQuery": {
        "type": "Direct",
        "requested": "[1.12.4, )",
        "resolved": "1.12.4",
        "contentHash": "placeholder"
      }
    }
  }
}